
Microsoft Visual Studio Solution File, Format Version 12.00
# Visual Studio Version 17
VisualStudioVersion = 17.0.31903.59
MinimumVisualStudioVersion = 10.0.40219.1
Project("{2150E333-8FDC-42A3-9474-1A3956D46DE8}") = "src", "src", "{827E0CD3-B72D-47B6-A68D-7590B98EB39B}"
EndProject
Project("{FAE04EC0-301F-11D3-BF4B-00C04F79EFBC}") = "PrintHub.Api", "src\PrintHub.Api\PrintHub.Api.csproj", "{27E73C5E-0704-44E7-B7AF-450C318F6950}"
EndProject
Project("{FAE04EC0-301F-11D3-BF4B-00C04F79EFBC}") = "PrintHub.Application", "src\PrintHub.Application\PrintHub.Application.csproj", "{C4DC435F-0FC4-48F8-AA06-D5285DB6D057}"
EndProject
Project("{FAE04EC0-301F-11D3-BF4B-00C04F79EFBC}") = "PrintHub.Contracts", "src\PrintHub.Contracts\PrintHub.Contracts.csproj", "{5138EBD8-08F6-45DC-B98D-6F562CD9D9FE}"
EndProject
Project("{FAE04EC0-301F-11D3-BF4B-00C04F79EFBC}") = "PrintHub.Desktop", "src\PrintHub.Desktop\PrintHub.Desktop.csproj", "{537D616A-0F8C-4EFC-B3A0-E4E088F0C91E}"
EndProject
Project("{FAE04EC0-301F-11D3-BF4B-00C04F79EFBC}") = "PrintHub.Domain", "src\PrintHub.Domain\PrintHub.Domain.csproj", "{1C88C22B-B12D-41C1-BB03-A0BC8937C05F}"
EndProject
Project("{FAE04EC0-301F-11D3-BF4B-00C04F79EFBC}") = "PrintHub.Infrastructure", "src\PrintHub.Infrastructure\PrintHub.Infrastructure.csproj", "{B151382C-8FE9-4556-9520-DF1D93C015AB}"
EndProject
Project("{FAE04EC0-301F-11D3-BF4B-00C04F79EFBC}") = "PrintHub.ProductionAgent", "src\PrintHub.ProductionAgent\PrintHub.ProductionAgent.csproj", "{A38298DD-85CD-41ED-99D6-152B458B823E}"
EndProject
Project("{FAE04EC0-301F-11D3-BF4B-00C04F79EFBC}") = "PrintHub.QuoteEngine", "src\PrintHub.QuoteEngine\PrintHub.QuoteEngine.csproj", "{B6C7C433-AC32-4E2E-930B-0A8AC512BF34}"
EndProject
Project("{FAE04EC0-301F-11D3-BF4B-00C04F79EFBC}") = "PrintHub.Web", "src\PrintHub.Web\PrintHub.Web.csproj", "{B533499A-DC3F-4802-8C4E-734A4AA6E80B}"
EndProject
Global
	GlobalSection(SolutionConfigurationPlatforms) = preSolution
		Debug|Any CPU = Debug|Any CPU
		Debug|x64 = Debug|x64
		Debug|x86 = Debug|x86
		Release|Any CPU = Release|Any CPU
		Release|x64 = Release|x64
		Release|x86 = Release|x86
	EndGlobalSection
	GlobalSection(ProjectConfigurationPlatforms) = postSolution
		{27E73C5E-0704-44E7-B7AF-450C318F6950}.Debug|Any CPU.ActiveCfg = Debug|Any CPU
		{27E73C5E-0704-44E7-B7AF-450C318F6950}.Debug|Any CPU.Build.0 = Debug|Any CPU
		{27E73C5E-0704-44E7-B7AF-450C318F6950}.Debug|x64.ActiveCfg = Debug|Any CPU
		{27E73C5E-0704-44E7-B7AF-450C318F6950}.Debug|x64.Build.0 = Debug|Any CPU
		{27E73C5E-0704-44E7-B7AF-450C318F6950}.Debug|x86.ActiveCfg = Debug|Any CPU
		{27E73C5E-0704-44E7-B7AF-450C318F6950}.Debug|x86.Build.0 = Debug|Any CPU
		{27E73C5E-0704-44E7-B7AF-450C318F6950}.Release|Any CPU.ActiveCfg = Release|Any CPU
		{27E73C5E-0704-44E7-B7AF-450C318F6950}.Release|Any CPU.Build.0 = Release|Any CPU
		{27E73C5E-0704-44E7-B7AF-450C318F6950}.Release|x64.ActiveCfg = Release|Any CPU
		{27E73C5E-0704-44E7-B7AF-450C318F6950}.Release|x64.Build.0 = Release|Any CPU
		{27E73C5E-0704-44E7-B7AF-450C318F6950}.Release|x86.ActiveCfg = Release|Any CPU
		{27E73C5E-0704-44E7-B7AF-450C318F6950}.Release|x86.Build.0 = Release|Any CPU
		{C4DC435F-0FC4-48F8-AA06-D5285DB6D057}.Debug|Any CPU.ActiveCfg = Debug|Any CPU
		{C4DC435F-0FC4-48F8-AA06-D5285DB6D057}.Debug|Any CPU.Build.0 = Debug|Any CPU
		{C4DC435F-0FC4-48F8-AA06-D5285DB6D057}.Debug|x64.ActiveCfg = Debug|Any CPU
		{C4DC435F-0FC4-48F8-AA06-D5285DB6D057}.Debug|x64.Build.0 = Debug|Any CPU
		{C4DC435F-0FC4-48F8-AA06-D5285DB6D057}.Debug|x86.ActiveCfg = Debug|Any CPU
		{C4DC435F-0FC4-48F8-AA06-D5285DB6D057}.Debug|x86.Build.0 = Debug|Any CPU
		{C4DC435F-0FC4-48F8-AA06-D5285DB6D057}.Release|Any CPU.ActiveCfg = Release|Any CPU
		{C4DC435F-0FC4-48F8-AA06-D5285DB6D057}.Release|Any CPU.Build.0 = Release|Any CPU
		{C4DC435F-0FC4-48F8-AA06-D5285DB6D057}.Release|x64.ActiveCfg = Release|Any CPU
		{C4DC435F-0FC4-48F8-AA06-D5285DB6D057}.Release|x64.Build.0 = Release|Any CPU
		{C4DC435F-0FC4-48F8-AA06-D5285DB6D057}.Release|x86.ActiveCfg = Release|Any CPU
		{C4DC435F-0FC4-48F8-AA06-D5285DB6D057}.Release|x86.Build.0 = Release|Any CPU
		{5138EBD8-08F6-45DC-B98D-6F562CD9D9FE}.Debug|Any CPU.ActiveCfg = Debug|Any CPU
		{5138EBD8-08F6-45DC-B98D-6F562CD9D9FE}.Debug|Any CPU.Build.0 = Debug|Any CPU
		{5138EBD8-08F6-45DC-B98D-6F562CD9D9FE}.Debug|x64.ActiveCfg = Debug|Any CPU
		{5138EBD8-08F6-45DC-B98D-6F562CD9D9FE}.Debug|x64.Build.0 = Debug|Any CPU
		{5138EBD8-08F6-45DC-B98D-6F562CD9D9FE}.Debug|x86.ActiveCfg = Debug|Any CPU
		{5138EBD8-08F6-45DC-B98D-6F562CD9D9FE}.Debug|x86.Build.0 = Debug|Any CPU
		{5138EBD8-08F6-45DC-B98D-6F562CD9D9FE}.Release|Any CPU.ActiveCfg = Release|Any CPU
		{5138EBD8-08F6-45DC-B98D-6F562CD9D9FE}.Release|Any CPU.Build.0 = Release|Any CPU
		{5138EBD8-08F6-45DC-B98D-6F562CD9D9FE}.Release|x64.ActiveCfg = Release|Any CPU
		{5138EBD8-08F6-45DC-B98D-6F562CD9D9FE}.Release|x64.Build.0 = Release|Any CPU
		{5138EBD8-08F6-45DC-B98D-6F562CD9D9FE}.Release|x86.ActiveCfg = Release|Any CPU
		{5138EBD8-08F6-45DC-B98D-6F562CD9D9FE}.Release|x86.Build.0 = Release|Any CPU
		{537D616A-0F8C-4EFC-B3A0-E4E088F0C91E}.Debug|Any CPU.ActiveCfg = Debug|Any CPU
		{537D616A-0F8C-4EFC-B3A0-E4E088F0C91E}.Debug|Any CPU.Build.0 = Debug|Any CPU
		{537D616A-0F8C-4EFC-B3A0-E4E088F0C91E}.Debug|x64.ActiveCfg = Debug|Any CPU
		{537D616A-0F8C-4EFC-B3A0-E4E088F0C91E}.Debug|x64.Build.0 = Debug|Any CPU
		{537D616A-0F8C-4EFC-B3A0-E4E088F0C91E}.Debug|x86.ActiveCfg = Debug|Any CPU
		{537D616A-0F8C-4EFC-B3A0-E4E088F0C91E}.Debug|x86.Build.0 = Debug|Any CPU
		{537D616A-0F8C-4EFC-B3A0-E4E088F0C91E}.Release|Any CPU.ActiveCfg = Release|Any CPU
		{537D616A-0F8C-4EFC-B3A0-E4E088F0C91E}.Release|Any CPU.Build.0 = Release|Any CPU
		{537D616A-0F8C-4EFC-B3A0-E4E088F0C91E}.Release|x64.ActiveCfg = Release|Any CPU
		{537D616A-0F8C-4EFC-B3A0-E4E088F0C91E}.Release|x64.Build.0 = Release|Any CPU
		{537D616A-0F8C-4EFC-B3A0-E4E088F0C91E}.Release|x86.ActiveCfg = Release|Any CPU
		{537D616A-0F8C-4EFC-B3A0-E4E088F0C91E}.Release|x86.Build.0 = Release|Any CPU
		{1C88C22B-B12D-41C1-BB03-A0BC8937C05F}.Debug|Any CPU.ActiveCfg = Debug|Any CPU
		{1C88C22B-B12D-41C1-BB03-A0BC8937C05F}.Debug|Any CPU.Build.0 = Debug|Any CPU
		{1C88C22B-B12D-41C1-BB03-A0BC8937C05F}.Debug|x64.ActiveCfg = Debug|Any CPU
		{1C88C22B-B12D-41C1-BB03-A0BC8937C05F}.Debug|x64.Build.0 = Debug|Any CPU
		{1C88C22B-B12D-41C1-BB03-A0BC8937C05F}.Debug|x86.ActiveCfg = Debug|Any CPU
		{1C88C22B-B12D-41C1-BB03-A0BC8937C05F}.Debug|x86.Build.0 = Debug|Any CPU
		{1C88C22B-B12D-41C1-BB03-A0BC8937C05F}.Release|Any CPU.ActiveCfg = Release|Any CPU
		{1C88C22B-B12D-41C1-BB03-A0BC8937C05F}.Release|Any CPU.Build.0 = Release|Any CPU
		{1C88C22B-B12D-41C1-BB03-A0BC8937C05F}.Release|x64.ActiveCfg = Release|Any CPU
		{1C88C22B-B12D-41C1-BB03-A0BC8937C05F}.Release|x64.Build.0 = Release|Any CPU
		{1C88C22B-B12D-41C1-BB03-A0BC8937C05F}.Release|x86.ActiveCfg = Release|Any CPU
		{1C88C22B-B12D-41C1-BB03-A0BC8937C05F}.Release|x86.Build.0 = Release|Any CPU
		{B151382C-8FE9-4556-9520-DF1D93C015AB}.Debug|Any CPU.ActiveCfg = Debug|Any CPU
		{B151382C-8FE9-4556-9520-DF1D93C015AB}.Debug|Any CPU.Build.0 = Debug|Any CPU
		{B151382C-8FE9-4556-9520-DF1D93C015AB}.Debug|x64.ActiveCfg = Debug|Any CPU
		{B151382C-8FE9-4556-9520-DF1D93C015AB}.Debug|x64.Build.0 = Debug|Any CPU
		{B151382C-8FE9-4556-9520-DF1D93C015AB}.Debug|x86.ActiveCfg = Debug|Any CPU
		{B151382C-8FE9-4556-9520-DF1D93C015AB}.Debug|x86.Build.0 = Debug|Any CPU
		{B151382C-8FE9-4556-9520-DF1D93C015AB}.Release|Any CPU.ActiveCfg = Release|Any CPU
		{B151382C-8FE9-4556-9520-DF1D93C015AB}.Release|Any CPU.Build.0 = Release|Any CPU
		{B151382C-8FE9-4556-9520-DF1D93C015AB}.Release|x64.ActiveCfg = Release|Any CPU
		{B151382C-8FE9-4556-9520-DF1D93C015AB}.Release|x64.Build.0 = Release|Any CPU
		{B151382C-8FE9-4556-9520-DF1D93C015AB}.Release|x86.ActiveCfg = Release|Any CPU
		{B151382C-8FE9-4556-9520-DF1D93C015AB}.Release|x86.Build.0 = Release|Any CPU
		{A38298DD-85CD-41ED-99D6-152B458B823E}.Debug|Any CPU.ActiveCfg = Debug|Any CPU
		{A38298DD-85CD-41ED-99D6-152B458B823E}.Debug|Any CPU.Build.0 = Debug|Any CPU
		{A38298DD-85CD-41ED-99D6-152B458B823E}.Debug|x64.ActiveCfg = Debug|Any CPU
		{A38298DD-85CD-41ED-99D6-152B458B823E}.Debug|x64.Build.0 = Debug|Any CPU
		{A38298DD-85CD-41ED-99D6-152B458B823E}.Debug|x86.ActiveCfg = Debug|Any CPU
		{A38298DD-85CD-41ED-99D6-152B458B823E}.Debug|x86.Build.0 = Debug|Any CPU
		{A38298DD-85CD-41ED-99D6-152B458B823E}.Release|Any CPU.ActiveCfg = Release|Any CPU
		{A38298DD-85CD-41ED-99D6-152B458B823E}.Release|Any CPU.Build.0 = Release|Any CPU
		{A38298DD-85CD-41ED-99D6-152B458B823E}.Release|x64.ActiveCfg = Release|Any CPU
		{A38298DD-85CD-41ED-99D6-152B458B823E}.Release|x64.Build.0 = Release|Any CPU
		{A38298DD-85CD-41ED-99D6-152B458B823E}.Release|x86.ActiveCfg = Release|Any CPU
		{A38298DD-85CD-41ED-99D6-152B458B823E}.Release|x86.Build.0 = Release|Any CPU
		{B6C7C433-AC32-4E2E-930B-0A8AC512BF34}.Debug|Any CPU.ActiveCfg = Debug|Any CPU
		{B6C7C433-AC32-4E2E-930B-0A8AC512BF34}.Debug|Any CPU.Build.0 = Debug|Any CPU
		{B6C7C433-AC32-4E2E-930B-0A8AC512BF34}.Debug|x64.ActiveCfg = Debug|Any CPU
		{B6C7C433-AC32-4E2E-930B-0A8AC512BF34}.Debug|x64.Build.0 = Debug|Any CPU
		{B6C7C433-AC32-4E2E-930B-0A8AC512BF34}.Debug|x86.ActiveCfg = Debug|Any CPU
		{B6C7C433-AC32-4E2E-930B-0A8AC512BF34}.Debug|x86.Build.0 = Debug|Any CPU
		{B6C7C433-AC32-4E2E-930B-0A8AC512BF34}.Release|Any CPU.ActiveCfg = Release|Any CPU
		{B6C7C433-AC32-4E2E-930B-0A8AC512BF34}.Release|Any CPU.Build.0 = Release|Any CPU
		{B6C7C433-AC32-4E2E-930B-0A8AC512BF34}.Release|x64.ActiveCfg = Release|Any CPU
		{B6C7C433-AC32-4E2E-930B-0A8AC512BF34}.Release|x64.Build.0 = Release|Any CPU
		{B6C7C433-AC32-4E2E-930B-0A8AC512BF34}.Release|x86.ActiveCfg = Release|Any CPU
		{B6C7C433-AC32-4E2E-930B-0A8AC512BF34}.Release|x86.Build.0 = Release|Any CPU
		{B533499A-DC3F-4802-8C4E-734A4AA6E80B}.Debug|Any CPU.ActiveCfg = Debug|Any CPU
		{B533499A-DC3F-4802-8C4E-734A4AA6E80B}.Debug|Any CPU.Build.0 = Debug|Any CPU
		{B533499A-DC3F-4802-8C4E-734A4AA6E80B}.Debug|x64.ActiveCfg = Debug|Any CPU
		{B533499A-DC3F-4802-8C4E-734A4AA6E80B}.Debug|x64.Build.0 = Debug|Any CPU
		{B533499A-DC3F-4802-8C4E-734A4AA6E80B}.Debug|x86.ActiveCfg = Debug|Any CPU
		{B533499A-DC3F-4802-8C4E-734A4AA6E80B}.Debug|x86.Build.0 = Debug|Any CPU
		{B533499A-DC3F-4802-8C4E-734A4AA6E80B}.Release|Any CPU.ActiveCfg = Release|Any CPU
		{B533499A-DC3F-4802-8C4E-734A4AA6E80B}.Release|Any CPU.Build.0 = Release|Any CPU
		{B533499A-DC3F-4802-8C4E-734A4AA6E80B}.Release|x64.ActiveCfg = Release|Any CPU
		{B533499A-DC3F-4802-8C4E-734A4AA6E80B}.Release|x64.Build.0 = Release|Any CPU
		{B533499A-DC3F-4802-8C4E-734A4AA6E80B}.Release|x86.ActiveCfg = Release|Any CPU
		{B533499A-DC3F-4802-8C4E-734A4AA6E80B}.Release|x86.Build.0 = Release|Any CPU
	EndGlobalSection
	GlobalSection(SolutionProperties) = preSolution
		HideSolutionNode = FALSE
	EndGlobalSection
	GlobalSection(NestedProjects) = preSolution
		{27E73C5E-0704-44E7-B7AF-450C318F6950} = {827E0CD3-B72D-47B6-A68D-7590B98EB39B}
		{C4DC435F-0FC4-48F8-AA06-D5285DB6D057} = {827E0CD3-B72D-47B6-A68D-7590B98EB39B}
		{5138EBD8-08F6-45DC-B98D-6F562CD9D9FE} = {827E0CD3-B72D-47B6-A68D-7590B98EB39B}
		{537D616A-0F8C-4EFC-B3A0-E4E088F0C91E} = {827E0CD3-B72D-47B6-A68D-7590B98EB39B}
		{1C88C22B-B12D-41C1-BB03-A0BC8937C05F} = {827E0CD3-B72D-47B6-A68D-7590B98EB39B}
		{B151382C-8FE9-4556-9520-DF1D93C015AB} = {827E0CD3-B72D-47B6-A68D-7590B98EB39B}
		{A38298DD-85CD-41ED-99D6-152B458B823E} = {827E0CD3-B72D-47B6-A68D-7590B98EB39B}
		{B6C7C433-AC32-4E2E-930B-0A8AC512BF34} = {827E0CD3-B72D-47B6-A68D-7590B98EB39B}
		{B533499A-DC3F-4802-8C4E-734A4AA6E80B} = {827E0CD3-B72D-47B6-A68D-7590B98EB39B}
	EndGlobalSection
EndGlobal
